
Microsoft Visual Studio Solution File, Format Version 12.00
# Visual Studio Version 17
VisualStudioVersion = 17.8.34525.116
MinimumVisualStudioVersion = 10.0.40219.1
Project("{FAE04EC0-301F-11D3-BF4B-00C04F79EFBC}") = "arrayli_quiz", "arrayli_quiz\arrayli_quiz.csproj", "{42A31025-65E1-4E2D-8309-D2C519339B69}"
EndProject
Global
	GlobalSection(SolutionConfigurationPlatforms) = preSolution
		Debug|Any CPU = Debug|Any CPU
		Release|Any CPU = Release|Any CPU
	EndGlobalSection
	GlobalSection(ProjectConfigurationPlatforms) = postSolution
		{42A31025-65E1-4E2D-8309-D2C519339B69}.Debug|Any CPU.ActiveCfg = Debug|Any CPU
		{42A31025-65E1-4E2D-8309-D2C519339B69}.Debug|Any CPU.Build.0 = Debug|Any CPU
		{42A31025-65E1-4E2D-8309-D2C519339B69}.Release|Any CPU.ActiveCfg = Release|Any CPU
		{42A31025-65E1-4E2D-8309-D2C519339B69}.Release|Any CPU.Build.0 = Release|Any CPU
	EndGlobalSection
	GlobalSection(SolutionProperties) = preSolution
		HideSolutionNode = FALSE
	EndGlobalSection
	GlobalSection(ExtensibilityGlobals) = postSolution
		SolutionGuid = {152D8437-CE45-4AD8-BB44-DD47CA0FBE01}
	EndGlobalSection
EndGlobal
